# THIS IS AN AUTOGENERATED FILE. DO NOT EDIT THIS FILE DIRECTLY.
# yarn lockfile v1


jquery-jcrop@~0.9.15:
  version "0.9.15"
  resolved "https://registry.yarnpkg.com/jquery-jcrop/-/jquery-jcrop-0.9.15.tgz#490f216f922f77a7e6c9be6c1d5d69582f414964"
  integrity sha512-425X88jEoWojYPS5YhZciEW83z4J/TLPh9gvRfftroUBDr70Er58kerD1kY+cT/z8Ys5/VEkUZ9AA4tFwqgY+w==
