# THIS IS AN AUTOGENERATED FILE. DO NOT EDIT THIS FILE DIRECTLY.
# yarn lockfile v1


govuk-frontend@^5.2.0:
  version "5.2.0"
  resolved "https://registry.yarnpkg.com/govuk-frontend/-/govuk-frontend-5.2.0.tgz#f8e0bf98b771b8ee1501fd45bbba24a091f3846d"
  integrity sha512-beD3wztHpkKz6JUpPwnwop1ejb4rTFMPLCutKLCIDmUS4BPpW59ggVUfctsRqHd2Zjw9wxljdRdeIJ8AZFyyTw==
